# This file is automatically @generated by Cargo.
# It is not intended for manual editing.
[[package]]
name = "clipboard-master"
version = "2.0.0"
source = "registry+https://github.com/rust-lang/crates.io-index"
dependencies = [
 "clipboard-win 2.1.2 (registry+https://github.com/rust-lang/crates.io-index)",
 "winapi 0.3.7 (registry+https://github.com/rust-lang/crates.io-index)",
 "windows-win 2.4.0 (registry+https://github.com/rust-lang/crates.io-index)",
]

[[package]]
name = "clipboard-script"
version = "0.1.0"
dependencies = [
 "clipboard-master 2.0.0 (registry+https://github.com/rust-lang/crates.io-index)",
 "clipboard-win 2.1.2 (registry+https://github.com/rust-lang/crates.io-index)",
]

[[package]]
name = "clipboard-win"
version = "2.1.2"
source = "registry+https://github.com/rust-lang/crates.io-index"
dependencies = [
 "winapi 0.3.7 (registry+https://github.com/rust-lang/crates.io-index)",
]

[[package]]
name = "winapi"
version = "0.3.7"
source = "registry+https://github.com/rust-lang/crates.io-index"
dependencies = [
 "winapi-i686-pc-windows-gnu 0.4.0 (registry+https://github.com/rust-lang/crates.io-index)",
 "winapi-x86_64-pc-windows-gnu 0.4.0 (registry+https://github.com/rust-lang/crates.io-index)",
]

[[package]]
name = "winapi-i686-pc-windows-gnu"
version = "0.4.0"
source = "registry+https://github.com/rust-lang/crates.io-index"

[[package]]
name = "winapi-x86_64-pc-windows-gnu"
version = "0.4.0"
source = "registry+https://github.com/rust-lang/crates.io-index"

[[package]]
name = "windows-win"
version = "2.4.0"
source = "registry+https://github.com/rust-lang/crates.io-index"
dependencies = [
 "winapi 0.3.7 (registry+https://github.com/rust-lang/crates.io-index)",
]

[metadata]
"checksum clipboard-master 2.0.0 (registry+https://github.com/rust-lang/crates.io-index)" = "e25b392e352e04b6425b2cb1b0e65cc8aef71aae10a6cf90a61463fa8bbdaadb"
"checksum clipboard-win 2.1.2 (registry+https://github.com/rust-lang/crates.io-index)" = "289da2fc09ab964a4948a63287c94fcb4698fa823c46da84c3792928c9d36110"
"checksum winapi 0.3.7 (registry+https://github.com/rust-lang/crates.io-index)" = "f10e386af2b13e47c89e7236a7a14a086791a2b88ebad6df9bf42040195cf770"
"checksum winapi-i686-pc-windows-gnu 0.4.0 (registry+https://github.com/rust-lang/crates.io-index)" = "ac3b87c63620426dd9b991e5ce0329eff545bccbbb34f3be09ff6fb6ab51b7b6"
"checksum winapi-x86_64-pc-windows-gnu 0.4.0 (registry+https://github.com/rust-lang/crates.io-index)" = "712e227841d057c1ee1cd2fb22fa7e5a5461ae8e48fa2ca79ec42cfc1931183f"
"checksum windows-win 2.4.0 (registry+https://github.com/rust-lang/crates.io-index)" = "37da6987b035731a01c87d48fd9732e6f3e994a09599f1ff4f6bd7ff09160fa9"
